
Microsoft Visual Studio Solution File, Format Version 12.00
Project("{FAE04EC0-301F-11D3-BF4B-00C04F79EFBC}") = "Server", "Server\Server.csproj", "{23112ECE-6393-4E24-A426-79A6BC38DC5B}"
EndProject
Project("{FAE04EC0-301F-11D3-BF4B-00C04F79EFBC}") = "Client", "Client\Client.csproj", "{DCBDAB02-F72E-4C9E-B8B4-CAF8BCF5D558}"
EndProject
Global
	GlobalSection(SolutionConfigurationPlatforms) = preSolution
		Debug|Any CPU = Debug|Any CPU
		Release|Any CPU = Release|Any CPU
	EndGlobalSection
	GlobalSection(ProjectConfigurationPlatforms) = postSolution
		{23112ECE-6393-4E24-A426-79A6BC38DC5B}.Debug|Any CPU.ActiveCfg = Debug|Any CPU
		{23112ECE-6393-4E24-A426-79A6BC38DC5B}.Debug|Any CPU.Build.0 = Debug|Any CPU
		{23112ECE-6393-4E24-A426-79A6BC38DC5B}.Release|Any CPU.ActiveCfg = Release|Any CPU
		{23112ECE-6393-4E24-A426-79A6BC38DC5B}.Release|Any CPU.Build.0 = Release|Any CPU
		{DCBDAB02-F72E-4C9E-B8B4-CAF8BCF5D558}.Debug|Any CPU.ActiveCfg = Debug|Any CPU
		{DCBDAB02-F72E-4C9E-B8B4-CAF8BCF5D558}.Debug|Any CPU.Build.0 = Debug|Any CPU
		{DCBDAB02-F72E-4C9E-B8B4-CAF8BCF5D558}.Release|Any CPU.ActiveCfg = Release|Any CPU
		{DCBDAB02-F72E-4C9E-B8B4-CAF8BCF5D558}.Release|Any CPU.Build.0 = Release|Any CPU
	EndGlobalSection
EndGlobal
